
Microsoft Visual Studio Solution File, Format Version 12.00
# Visual Studio 14
VisualStudioVersion = 14.0.23107.0
MinimumVisualStudioVersion = 10.0.40219.1
Project("{FAE04EC0-301F-11D3-BF4B-00C04F79EFBC}") = "Classes_Project", "Classes_Project\Classes_Project.csproj", "{9E0AFB1C-08BE-4055-8305-1741493AB5EE}"
EndProject
Project("{2150E333-8FDC-42A3-9474-1A3956D46DE8}") = "Solution Items", "Solution Items", "{9421A47B-B51E-4D1E-BBDD-230BF98DFC68}"
EndProject
Project("{FAE04EC0-301F-11D3-BF4B-00C04F79EFBC}") = "Inlog", "Inlog\Inlog.csproj", "{94323151-AF55-4AE2-BB97-8185F1B07B62}"
EndProject
Project("{FAE04EC0-301F-11D3-BF4B-00C04F79EFBC}") = "Bestelling", "Bestelling\Bestelling.csproj", "{54A93CB5-DFA0-4FDE-9A58-3BAEC7277DDB}"
EndProject
Global
	GlobalSection(SolutionConfigurationPlatforms) = preSolution
		Debug|Any CPU = Debug|Any CPU
		Release|Any CPU = Release|Any CPU
	EndGlobalSection
	GlobalSection(ProjectConfigurationPlatforms) = postSolution
		{9E0AFB1C-08BE-4055-8305-1741493AB5EE}.Debug|Any CPU.ActiveCfg = Debug|Any CPU
		{9E0AFB1C-08BE-4055-8305-1741493AB5EE}.Debug|Any CPU.Build.0 = Debug|Any CPU
		{9E0AFB1C-08BE-4055-8305-1741493AB5EE}.Release|Any CPU.ActiveCfg = Release|Any CPU
		{9E0AFB1C-08BE-4055-8305-1741493AB5EE}.Release|Any CPU.Build.0 = Release|Any CPU
		{94323151-AF55-4AE2-BB97-8185F1B07B62}.Debug|Any CPU.ActiveCfg = Debug|Any CPU
		{94323151-AF55-4AE2-BB97-8185F1B07B62}.Debug|Any CPU.Build.0 = Debug|Any CPU
		{94323151-AF55-4AE2-BB97-8185F1B07B62}.Release|Any CPU.ActiveCfg = Release|Any CPU
		{94323151-AF55-4AE2-BB97-8185F1B07B62}.Release|Any CPU.Build.0 = Release|Any CPU
		{54A93CB5-DFA0-4FDE-9A58-3BAEC7277DDB}.Debug|Any CPU.ActiveCfg = Debug|Any CPU
		{54A93CB5-DFA0-4FDE-9A58-3BAEC7277DDB}.Debug|Any CPU.Build.0 = Debug|Any CPU
		{54A93CB5-DFA0-4FDE-9A58-3BAEC7277DDB}.Release|Any CPU.ActiveCfg = Release|Any CPU
		{54A93CB5-DFA0-4FDE-9A58-3BAEC7277DDB}.Release|Any CPU.Build.0 = Release|Any CPU
	EndGlobalSection
	GlobalSection(SolutionProperties) = preSolution
		HideSolutionNode = FALSE
	EndGlobalSection
EndGlobal
